
Microsoft Visual Studio Solution File, Format Version 12.00
# Visual Studio Version 17
VisualStudioVersion = 17.11.35312.102
MinimumVisualStudioVersion = 10.0.40219.1
Project("{FAE04EC0-301F-11D3-BF4B-00C04F79EFBC}") = "Saver.ServiceDefaults", "src\Saver.ServiceDefaults\Saver.ServiceDefaults.csproj", "{6AA37B6F-F56A-4844-89A2-3CDE0951276A}"
EndProject
Project("{FAE04EC0-301F-11D3-BF4B-00C04F79EFBC}") = "Saver.AppHost", "src\Saver.AppHost\Saver.AppHost.csproj", "{4235017D-196D-401E-A88D-F207775C99B0}"
EndProject
Global
	GlobalSection(SolutionConfigurationPlatforms) = preSolution
		Debug|Any CPU = Debug|Any CPU
		Release|Any CPU = Release|Any CPU
	EndGlobalSection
	GlobalSection(ProjectConfigurationPlatforms) = postSolution
		{6AA37B6F-F56A-4844-89A2-3CDE0951276A}.Debug|Any CPU.ActiveCfg = Debug|Any CPU
		{6AA37B6F-F56A-4844-89A2-3CDE0951276A}.Debug|Any CPU.Build.0 = Debug|Any CPU
		{6AA37B6F-F56A-4844-89A2-3CDE0951276A}.Release|Any CPU.ActiveCfg = Release|Any CPU
		{6AA37B6F-F56A-4844-89A2-3CDE0951276A}.Release|Any CPU.Build.0 = Release|Any CPU
		{4235017D-196D-401E-A88D-F207775C99B0}.Debug|Any CPU.ActiveCfg = Debug|Any CPU
		{4235017D-196D-401E-A88D-F207775C99B0}.Debug|Any CPU.Build.0 = Debug|Any CPU
		{4235017D-196D-401E-A88D-F207775C99B0}.Release|Any CPU.ActiveCfg = Release|Any CPU
		{4235017D-196D-401E-A88D-F207775C99B0}.Release|Any CPU.Build.0 = Release|Any CPU
	EndGlobalSection
	GlobalSection(SolutionProperties) = preSolution
		HideSolutionNode = FALSE
	EndGlobalSection
	GlobalSection(ExtensibilityGlobals) = postSolution
		SolutionGuid = {F7A33F48-0641-40F7-B71B-249707021A45}
	EndGlobalSection
EndGlobal
